
Microsoft Visual Studio Solution File, Format Version 12.00
# Visual Studio Version 17
VisualStudioVersion = 17.4.33205.214
MinimumVisualStudioVersion = 10.0.40219.1
Project("{FAE04EC0-301F-11D3-BF4B-00C04F79EFBC}") = "ConsoleAppAboutMe", "ConsoleAppAboutMe\ConsoleAppAboutMe.csproj", "{4BB10B4E-B01F-47FD-AE65-4FB95878EBE8}"
EndProject
Global
	GlobalSection(SolutionConfigurationPlatforms) = preSolution
		Debug|Any CPU = Debug|Any CPU
		Release|Any CPU = Release|Any CPU
	EndGlobalSection
	GlobalSection(ProjectConfigurationPlatforms) = postSolution
		{4BB10B4E-B01F-47FD-AE65-4FB95878EBE8}.Debug|Any CPU.ActiveCfg = Debug|Any CPU
		{4BB10B4E-B01F-47FD-AE65-4FB95878EBE8}.Debug|Any CPU.Build.0 = Debug|Any CPU
		{4BB10B4E-B01F-47FD-AE65-4FB95878EBE8}.Release|Any CPU.ActiveCfg = Release|Any CPU
		{4BB10B4E-B01F-47FD-AE65-4FB95878EBE8}.Release|Any CPU.Build.0 = Release|Any CPU
	EndGlobalSection
	GlobalSection(SolutionProperties) = preSolution
		HideSolutionNode = FALSE
	EndGlobalSection
	GlobalSection(ExtensibilityGlobals) = postSolution
		SolutionGuid = {08E93738-C64F-415D-9AEA-402396BAA546}
	EndGlobalSection
EndGlobal
